
Microsoft Visual Studio Solution File, Format Version 12.00
# Visual Studio Version 16
VisualStudioVersion = 16.0.31729.503
MinimumVisualStudioVersion = 10.0.40219.1
Project("{9A19103F-16F7-4668-BE54-9A1E7A4F7556}") = "CoreApp", "CoreApp\CoreApp.csproj", "{4C4A9F85-FD40-4290-8A4E-BD1A72795E2F}"
EndProject
Project("{9A19103F-16F7-4668-BE54-9A1E7A4F7556}") = "EntityLayer", "EntityLayer\EntityLayer.csproj", "{21D7808F-2534-4660-9EB8-90C9157D2B93}"
EndProject
Project("{9A19103F-16F7-4668-BE54-9A1E7A4F7556}") = "BusinessLayer", "BusinessLayer\BusinessLayer.csproj", "{AE72ECF2-3179-4941-A2A8-2E2D07A0380E}"
EndProject
Project("{9A19103F-16F7-4668-BE54-9A1E7A4F7556}") = "CoreLayer", "CoreLayer\CoreLayer.csproj", "{E7FAAF05-D26F-4166-92A5-7D01B45953DE}"
EndProject
Project("{9A19103F-16F7-4668-BE54-9A1E7A4F7556}") = "DataAccessLayer", "DataAccessLayer\DataAccessLayer.csproj", "{9F83F954-2DD5-47D9-B635-C32DA903B405}"
EndProject
Project("{9A19103F-16F7-4668-BE54-9A1E7A4F7556}") = "BlogApi", "BlogApi\BlogApi.csproj", "{66EA09DD-E77D-4E9A-9471-9DB8A1C614D7}"
EndProject
Project("{FAE04EC0-301F-11D3-BF4B-00C04F79EFBC}") = "jwt_core_project", "jwt_core_project\jwt_core_project.csproj", "{927AA239-A25C-4049-AF09-9468459D3EAE}"
EndProject
Global
	GlobalSection(SolutionConfigurationPlatforms) = preSolution
		Debug|Any CPU = Debug|Any CPU
		Release|Any CPU = Release|Any CPU
	EndGlobalSection
	GlobalSection(ProjectConfigurationPlatforms) = postSolution
		{4C4A9F85-FD40-4290-8A4E-BD1A72795E2F}.Debug|Any CPU.ActiveCfg = Debug|Any CPU
		{4C4A9F85-FD40-4290-8A4E-BD1A72795E2F}.Debug|Any CPU.Build.0 = Debug|Any CPU
		{4C4A9F85-FD40-4290-8A4E-BD1A72795E2F}.Release|Any CPU.ActiveCfg = Release|Any CPU
		{4C4A9F85-FD40-4290-8A4E-BD1A72795E2F}.Release|Any CPU.Build.0 = Release|Any CPU
		{21D7808F-2534-4660-9EB8-90C9157D2B93}.Debug|Any CPU.ActiveCfg = Debug|Any CPU
		{21D7808F-2534-4660-9EB8-90C9157D2B93}.Debug|Any CPU.Build.0 = Debug|Any CPU
		{21D7808F-2534-4660-9EB8-90C9157D2B93}.Release|Any CPU.ActiveCfg = Release|Any CPU
		{21D7808F-2534-4660-9EB8-90C9157D2B93}.Release|Any CPU.Build.0 = Release|Any CPU
		{AE72ECF2-3179-4941-A2A8-2E2D07A0380E}.Debug|Any CPU.ActiveCfg = Debug|Any CPU
		{AE72ECF2-3179-4941-A2A8-2E2D07A0380E}.Debug|Any CPU.Build.0 = Debug|Any CPU
		{AE72ECF2-3179-4941-A2A8-2E2D07A0380E}.Release|Any CPU.ActiveCfg = Release|Any CPU
		{AE72ECF2-3179-4941-A2A8-2E2D07A0380E}.Release|Any CPU.Build.0 = Release|Any CPU
		{E7FAAF05-D26F-4166-92A5-7D01B45953DE}.Debug|Any CPU.ActiveCfg = Debug|Any CPU
		{E7FAAF05-D26F-4166-92A5-7D01B45953DE}.Debug|Any CPU.Build.0 = Debug|Any CPU
		{E7FAAF05-D26F-4166-92A5-7D01B45953DE}.Release|Any CPU.ActiveCfg = Release|Any CPU
		{E7FAAF05-D26F-4166-92A5-7D01B45953DE}.Release|Any CPU.Build.0 = Release|Any CPU
		{9F83F954-2DD5-47D9-B635-C32DA903B405}.Debug|Any CPU.ActiveCfg = Debug|Any CPU
		{9F83F954-2DD5-47D9-B635-C32DA903B405}.Debug|Any CPU.Build.0 = Debug|Any CPU
		{9F83F954-2DD5-47D9-B635-C32DA903B405}.Release|Any CPU.ActiveCfg = Release|Any CPU
		{9F83F954-2DD5-47D9-B635-C32DA903B405}.Release|Any CPU.Build.0 = Release|Any CPU
		{66EA09DD-E77D-4E9A-9471-9DB8A1C614D7}.Debug|Any CPU.ActiveCfg = Debug|Any CPU
		{66EA09DD-E77D-4E9A-9471-9DB8A1C614D7}.Debug|Any CPU.Build.0 = Debug|Any CPU
		{66EA09DD-E77D-4E9A-9471-9DB8A1C614D7}.Release|Any CPU.ActiveCfg = Release|Any CPU
		{66EA09DD-E77D-4E9A-9471-9DB8A1C614D7}.Release|Any CPU.Build.0 = Release|Any CPU
		{927AA239-A25C-4049-AF09-9468459D3EAE}.Debug|Any CPU.ActiveCfg = Debug|Any CPU
		{927AA239-A25C-4049-AF09-9468459D3EAE}.Debug|Any CPU.Build.0 = Debug|Any CPU
		{927AA239-A25C-4049-AF09-9468459D3EAE}.Release|Any CPU.ActiveCfg = Release|Any CPU
		{927AA239-A25C-4049-AF09-9468459D3EAE}.Release|Any CPU.Build.0 = Release|Any CPU
	EndGlobalSection
	GlobalSection(SolutionProperties) = preSolution
		HideSolutionNode = FALSE
	EndGlobalSection
	GlobalSection(ExtensibilityGlobals) = postSolution
		SolutionGuid = {32A677B6-1FDE-472C-8188-A47E26FF19B2}
	EndGlobalSection
EndGlobal
